// !$*UTF8*$!
{
	archiveVersion = 1;
	classes = {
	};
	objectVersion = 46;
	objects = {

/* Begin PBXBuildFile section */
		8CC09F7F1D8C2F38004CBC3C /* main.swift in Sources */ = {isa = PBXBuildFile; fileRef = 8CC09F7E1D8C2F38004CBC3C /* main.swift */; };
/* End PBXBuildFile section */

/* Begin PBXCopyFilesBuildPhase section */
		8CC09F791D8C2F37004CBC3C /* CopyFiles */ = {
			isa = PBXCopyFilesBuildPhase;
			buildActionMask = 2147483647;
			dstPath = /usr/share/man/man1/;
			dstSubfolderSpec = 0;
			files = (
			);
			runOnlyForDeploymentPostprocessing = 1;
		};
/* End PBXCopyFilesBuildPhase section */

/* Begin PBXFileReference section */
		8CC09F7B1D8C2F38004CBC3C /* ListOfInts-HighestProductOf3Ints */ = {isa = PBXFileReference; explicitFileType = "compiled.mach-o.executable"; includeInIndex = 0; path = "ListOfInts-HighestProductOf3Ints"; sourceTree = BUILT_PRODUCTS_DIR; };
		8CC09F7E1D8C2F38004CBC3C /* main.swift */ = {isa = PBXFileReference; lastKnownFileType = sourcecode.swift; path = main.swift; sourceTree = "<group>"; };
/* End PBXFileReference section */

/* Begin PBXFrameworksBuildPhase section */
		8CC09F781D8C2F37004CBC3C /* Frameworks */ = {
			isa = PBXFrameworksBuildPhase;
			buildActionMask = 2147483647;
			files = (
			);
			runOnlyForDeploymentPostprocessing = 0;
		};
/* End PBXFrameworksBuildPhase section */

/* Begin PBXGroup section */
		8CC09F721D8C2F37004CBC3C = {
			isa = PBXGroup;
			children = (
				8CC09F7D1D8C2F38004CBC3C /* ListOfInts-HighestProductOf3Ints */,
				8CC09F7C1D8C2F38004CBC3C /* Products */,
			);
			sourceTree = "<group>";
		};
		8CC09F7C1D8C2F38004CBC3C /* Products */ = {
			isa = PBXGroup;
			children = (
				8CC09F7B1D8C2F38004CBC3C /* ListOfInts-HighestProductOf3Ints */,
			);
			name = Products;
			sourceTree = "<group>";
		};
		8CC09F7D1D8C2F38004CBC3C /* ListOfInts-HighestProductOf3Ints */ = {
			isa = PBXGroup;
			children = (
				8CC09F7E1D8C2F38004CBC3C /* main.swift */,
			);
			path = "ListOfInts-HighestProductOf3Ints";
			sourceTree = "<group>";
		};
/* End PBXGroup section */

/* Begin PBXNativeTarget section */
		8CC09F7A1D8C2F37004CBC3C /* ListOfInts-HighestProductOf3Ints */ = {
			isa = PBXNativeTarget;
			buildConfigurationList = 8CC09F821D8C2F38004CBC3C /* Build configuration list for PBXNativeTarget "ListOfInts-HighestProductOf3Ints" */;
			buildPhases = (
				8CC09F771D8C2F37004CBC3C /* Sources */,
				8CC09F781D8C2F37004CBC3C /* Frameworks */,
				8CC09F791D8C2F37004CBC3C /* CopyFiles */,
			);
			buildRules = (
			);
			dependencies = (
			);
			name = "ListOfInts-HighestProductOf3Ints";
			productName = "ListOfInts-HighestProductOf3Ints";
			productReference = 8CC09F7B1D8C2F38004CBC3C /* ListOfInts-HighestProductOf3Ints */;
			productType = "com.apple.product-type.tool";
		};
/* End PBXNativeTarget section */

/* Begin PBXProject section */
		8CC09F731D8C2F37004CBC3C /* Project object */ = {
			isa = PBXProject;
			attributes = {
				LastSwiftUpdateCheck = 0800;
				LastUpgradeCheck = 0800;
				ORGANIZATIONNAME = "Nick Perkins";
				TargetAttributes = {
					8CC09F7A1D8C2F37004CBC3C = {
						CreatedOnToolsVersion = 8.0;
						DevelopmentTeam = CT2D874ZLT;
						ProvisioningStyle = Automatic;
					};
				};
			};
			buildConfigurationList = 8CC09F761D8C2F37004CBC3C /* Build configuration list for PBXProject "ListOfInts-HighestProductOf3Ints" */;
			compatibilityVersion = "Xcode 3.2";
			developmentRegion = English;
			hasScannedForEncodings = 0;
			knownRegions = (
				en,
			);
			mainGroup = 8CC09F721D8C2F37004CBC3C;
			productRefGroup = 8CC09F7C1D8C2F38004CBC3C /* Products */;
			projectDirPath = "";
			projectRoot = "";
			targets = (
				8CC09F7A1D8C2F37004CBC3C /* ListOfInts-HighestProductOf3Ints */,
			);
		};
/* End PBXProject section */

/* Begin PBXSourcesBuildPhase section */
		8CC09F771D8C2F37004CBC3C /* Sources */ = {
			isa = PBXSourcesBuildPhase;
			buildActionMask = 2147483647;
			files = (
				8CC09F7F1D8C2F38004CBC3C /* main.swift in Sources */,
			);
			runOnlyForDeploymentPostprocessing = 0;
		};
/* End PBXSourcesBuildPhase section */

/* Begin XCBuildConfiguration section */
		8CC09F801D8C2F38004CBC3C /* Debug */ = {
			isa = XCBuildConfiguration;
			buildSettings = {
				ALWAYS_SEARCH_USER_PATHS = NO;
				CLANG_ANALYZER_NONNULL = YES;
				CLANG_CXX_LANGUAGE_STANDARD = "gnu++0x";
				CLANG_CXX_LIBRARY = "libc++";
				CLANG_ENABLE_MODULES = YES;
				CLANG_ENABLE_OBJC_ARC = YES;
				CLANG_WARN_BOOL_CONVERSION = YES;
				CLANG_WARN_CONSTANT_CONVERSION = YES;
				CLANG_WARN_DIRECT_OBJC_ISA_USAGE = YES_ERROR;
				CLANG_WARN_DOCUMENTATION_COMMENTS = YES;
				CLANG_WARN_EMPTY_BODY = YES;
				CLANG_WARN_ENUM_CONVERSION = YES;
				CLANG_WARN_INFINITE_RECURSION = YES;
				CLANG_WARN_INT_CONVERSION = YES;
				CLANG_WARN_OBJC_ROOT_CLASS = YES_ERROR;
				CLANG_WARN_SUSPICIOUS_MOVES = YES;
				CLANG_WARN_UNREACHABLE_CODE = YES;
				CLANG_WARN__DUPLICATE_METHOD_MATCH = YES;
				CODE_SIGN_IDENTITY = "-";
				COPY_PHASE_STRIP = NO;
				DEBUG_INFORMATION_FORMAT = dwarf;
				ENABLE_STRICT_OBJC_MSGSEND = YES;
				ENABLE_TESTABILITY = YES;
				GCC_C_LANGUAGE_STANDARD = gnu99;
				GCC_DYNAMIC_NO_PIC = NO;
				GCC_NO_COMMON_BLOCKS = YES;
				GCC_OPTIMIZATION_LEVEL = 0;
				GCC_PREPROCESSOR_DEFINITIONS = (
					"DEBUG=1",
					"$(inherited)",
				);
				GCC_WARN_64_TO_32_BIT_CONVERSION = YES;
				GCC_WARN_ABOUT_RETURN_TYPE = YES_ERROR;
				GCC_WARN_UNDECLARED_SELECTOR = YES;
				GCC_WARN_UNINITIALIZED_AUTOS = YES_AGGRESSIVE;
				GCC_WARN_UNUSED_FUNCTION = YES;
				GCC_WARN_UNUSED_VARIABLE = YES;
				MACOSX_DEPLOYMENT_TARGET = 10.11;
				MTL_ENABLE_DEBUG_INFO = YES;
				ONLY_ACTIVE_ARCH = YES;
				SDKROOT = macosx;
				SWIFT_OPTIMIZATION_LEVEL = "-Onone";
			};
			name = Debug;
		};
		8CC09F811D8C2F38004CBC3C /* Release */ = {
			isa = XCBuildConfiguration;
			buildSettings = {
				ALWAYS_SEARCH_USER_PATHS = NO;
				CLANG_ANALYZER_NONNULL = YES;
				CLANG_CXX_LANGUAGE_STANDARD = "gnu++0x";
				CLANG_CXX_LIBRARY = "libc++";
				CLANG_ENABLE_MODULES = YES;
				CLANG_ENABLE_OBJC_ARC = YES;
				CLANG_WARN_BOOL_CONVERSION = YES;
				CLANG_WARN_CONSTANT_CONVERSION = YES;
				CLANG_WARN_DIRECT_OBJC_ISA_USAGE = YES_ERROR;
				CLANG_WARN_DOCUMENTATION_COMMENTS = YES;
				CLANG_WARN_EMPTY_BODY = YES;
				CLANG_WARN_ENUM_CONVERSION = YES;
				CLANG_WARN_INFINITE_RECURSION = YES;
				CLANG_WARN_INT_CONVERSION = YES;
				CLANG_WARN_OBJC_ROOT_CLASS = YES_ERROR;
				CLANG_WARN_SUSPICIOUS_MOVES = YES;
				CLANG_WARN_UNREACHABLE_CODE = YES;
				CLANG_WARN__DUPLICATE_METHOD_MATCH = YES;
				CODE_SIGN_IDENTITY = "-";
				COPY_PHASE_STRIP = NO;
				DEBUG_INFORMATION_FORMAT = "dwarf-with-dsym";
				ENABLE_NS_ASSERTIONS = NO;
				ENABLE_STRICT_OBJC_MSGSEND = YES;
				GCC_C_LANGUAGE_STANDARD = gnu99;
				GCC_NO_COMMON_BLOCKS = YES;
				GCC_WARN_64_TO_32_BIT_CONVERSION = YES;
				GCC_WARN_ABOUT_RETURN_TYPE = YES_ERROR;
				GCC_WARN_UNDECLARED_SELECTOR = YES;
				GCC_WARN_UNINITIALIZED_AUTOS = YES_AGGRESSIVE;
				GCC_WARN_UNUSED_FUNCTION = YES;
				GCC_WARN_UNUSED_VARIABLE = YES;
				MACOSX_DEPLOYMENT_TARGET = 10.11;
				MTL_ENABLE_DEBUG_INFO = NO;
				SDKROOT = macosx;
			};
			name = Release;
		};
		8CC09F831D8C2F38004CBC3C /* Debug */ = {
			isa = XCBuildConfiguration;
			buildSettings = {
				DEVELOPMENT_TEAM = CT2D874ZLT;
				PRODUCT_NAME = "$(TARGET_NAME)";
				SWIFT_VERSION = 3.0;
			};
			name = Debug;
		};
		8CC09F841D8C2F38004CBC3C /* Release */ = {
			isa = XCBuildConfiguration;
			buildSettings = {
				DEVELOPMENT_TEAM = CT2D874ZLT;
				PRODUCT_NAME = "$(TARGET_NAME)";
				SWIFT_VERSION = 3.0;
			};
			name = Release;
		};
/* End XCBuildConfiguration section */

/* Begin XCConfigurationList section */
		8CC09F761D8C2F37004CBC3C /* Build configuration list for PBXProject "ListOfInts-HighestProductOf3Ints" */ = {
			isa = XCConfigurationList;
			buildConfigurations = (
				8CC09F801D8C2F38004CBC3C /* Debug */,
				8CC09F811D8C2F38004CBC3C /* Release */,
			);
			defaultConfigurationIsVisible = 0;
			defaultConfigurationName = Release;
		};
		8CC09F821D8C2F38004CBC3C /* Build configuration list for PBXNativeTarget "ListOfInts-HighestProductOf3Ints" */ = {
			isa = XCConfigurationList;
			buildConfigurations = (
				8CC09F831D8C2F38004CBC3C /* Debug */,
				8CC09F841D8C2F38004CBC3C /* Release */,
			);
			defaultConfigurationIsVisible = 0;
		};
/* End XCConfigurationList section */
	};
	rootObject = 8CC09F731D8C2F37004CBC3C /* Project object */;
}
